
Microsoft Visual Studio Solution File, Format Version 12.00
# Visual Studio Version 16
VisualStudioVersion = 16.0.30320.27
MinimumVisualStudioVersion = 10.0.40219.1
Project("{FAE04EC0-301F-11D3-BF4B-00C04F79EFBC}") = "ExpressVersioning", "ExpressVersioning\ExpressVersioning.csproj", "{A0D2D28B-22BD-4C44-A1FF-6FCB93EBD959}"
EndProject
Project("{FAE04EC0-301F-11D3-BF4B-00C04F79EFBC}") = "Demo", "Demo\Demo.csproj", "{59958181-08C6-41A4-A623-CEDF7208EA13}"
EndProject
Global
	GlobalSection(SolutionConfigurationPlatforms) = preSolution
		Debug|Any CPU = Debug|Any CPU
		Release|Any CPU = Release|Any CPU
	EndGlobalSection
	GlobalSection(ProjectConfigurationPlatforms) = postSolution
		{A0D2D28B-22BD-4C44-A1FF-6FCB93EBD959}.Debug|Any CPU.ActiveCfg = Debug|Any CPU
		{A0D2D28B-22BD-4C44-A1FF-6FCB93EBD959}.Debug|Any CPU.Build.0 = Debug|Any CPU
		{A0D2D28B-22BD-4C44-A1FF-6FCB93EBD959}.Release|Any CPU.ActiveCfg = Release|Any CPU
		{A0D2D28B-22BD-4C44-A1FF-6FCB93EBD959}.Release|Any CPU.Build.0 = Release|Any CPU
		{59958181-08C6-41A4-A623-CEDF7208EA13}.Debug|Any CPU.ActiveCfg = Debug|Any CPU
		{59958181-08C6-41A4-A623-CEDF7208EA13}.Debug|Any CPU.Build.0 = Debug|Any CPU
		{59958181-08C6-41A4-A623-CEDF7208EA13}.Release|Any CPU.ActiveCfg = Release|Any CPU
		{59958181-08C6-41A4-A623-CEDF7208EA13}.Release|Any CPU.Build.0 = Release|Any CPU
	EndGlobalSection
	GlobalSection(SolutionProperties) = preSolution
		HideSolutionNode = FALSE
	EndGlobalSection
	GlobalSection(ExtensibilityGlobals) = postSolution
		SolutionGuid = {A19EB6F6-CACD-4356-A0DF-A2C4B6122109}
	EndGlobalSection
EndGlobal
